
Microsoft Visual Studio Solution File, Format Version 12.00
Project("{FAE04EC0-301F-11D3-BF4B-00C04F79EFBC}") = "BullWeb", "BullWeb\BullWeb.csproj", "{B2031456-8F53-4F6A-8965-389708699A31}"
EndProject
Project("{FAE04EC0-301F-11D3-BF4B-00C04F79EFBC}") = "BullRazor", "BullRazor\BullRazor.csproj", "{D75161F9-6E7D-4316-A255-D7161A11A168}"
EndProject
Project("{FAE04EC0-301F-11D3-BF4B-00C04F79EFBC}") = "Bull.Models", "Bull.Models\Bull.Models.csproj", "{1C98421A-9978-4155-A89E-0C4C603A7CA8}"
EndProject
Project("{FAE04EC0-301F-11D3-BF4B-00C04F79EFBC}") = "Bull.Utility", "Bull.Utility\Bull.Utility.csproj", "{BC3D8813-0D83-4CEA-A558-D7ACA30617C6}"
EndProject
Project("{FAE04EC0-301F-11D3-BF4B-00C04F79EFBC}") = "Bull.DataAccess", "Bull.DataAccess\Bull.DataAccess.csproj", "{6376F4F3-6A0B-4EB7-A497-4AFCFF425B9F}"
EndProject
Project("{FAE04EC0-301F-11D3-BF4B-00C04F79EFBC}") = "Bull.Test", "Bull.Test\Bull.Test.csproj", "{9415AAE1-0E2A-4E75-B31F-F56AC4985AB9}"
	ProjectSection(ProjectDependencies) = postProject
		{B2031456-8F53-4F6A-8965-389708699A31} = {B2031456-8F53-4F6A-8965-389708699A31}
		{1C98421A-9978-4155-A89E-0C4C603A7CA8} = {1C98421A-9978-4155-A89E-0C4C603A7CA8}
		{BC3D8813-0D83-4CEA-A558-D7ACA30617C6} = {BC3D8813-0D83-4CEA-A558-D7ACA30617C6}
	EndProjectSection
EndProject
Global
	GlobalSection(SolutionConfigurationPlatforms) = preSolution
		Debug|Any CPU = Debug|Any CPU
		Release|Any CPU = Release|Any CPU
	EndGlobalSection
	GlobalSection(ProjectConfigurationPlatforms) = postSolution
		{B2031456-8F53-4F6A-8965-389708699A31}.Debug|Any CPU.ActiveCfg = Debug|Any CPU
		{B2031456-8F53-4F6A-8965-389708699A31}.Debug|Any CPU.Build.0 = Debug|Any CPU
		{B2031456-8F53-4F6A-8965-389708699A31}.Release|Any CPU.ActiveCfg = Release|Any CPU
		{B2031456-8F53-4F6A-8965-389708699A31}.Release|Any CPU.Build.0 = Release|Any CPU
		{D75161F9-6E7D-4316-A255-D7161A11A168}.Debug|Any CPU.ActiveCfg = Debug|Any CPU
		{D75161F9-6E7D-4316-A255-D7161A11A168}.Release|Any CPU.ActiveCfg = Release|Any CPU
		{D75161F9-6E7D-4316-A255-D7161A11A168}.Release|Any CPU.Build.0 = Release|Any CPU
		{1C98421A-9978-4155-A89E-0C4C603A7CA8}.Debug|Any CPU.ActiveCfg = Debug|Any CPU
		{1C98421A-9978-4155-A89E-0C4C603A7CA8}.Debug|Any CPU.Build.0 = Debug|Any CPU
		{1C98421A-9978-4155-A89E-0C4C603A7CA8}.Release|Any CPU.ActiveCfg = Release|Any CPU
		{1C98421A-9978-4155-A89E-0C4C603A7CA8}.Release|Any CPU.Build.0 = Release|Any CPU
		{BC3D8813-0D83-4CEA-A558-D7ACA30617C6}.Debug|Any CPU.ActiveCfg = Debug|Any CPU
		{BC3D8813-0D83-4CEA-A558-D7ACA30617C6}.Debug|Any CPU.Build.0 = Debug|Any CPU
		{BC3D8813-0D83-4CEA-A558-D7ACA30617C6}.Release|Any CPU.ActiveCfg = Release|Any CPU
		{BC3D8813-0D83-4CEA-A558-D7ACA30617C6}.Release|Any CPU.Build.0 = Release|Any CPU
		{6376F4F3-6A0B-4EB7-A497-4AFCFF425B9F}.Debug|Any CPU.ActiveCfg = Debug|Any CPU
		{6376F4F3-6A0B-4EB7-A497-4AFCFF425B9F}.Debug|Any CPU.Build.0 = Debug|Any CPU
		{6376F4F3-6A0B-4EB7-A497-4AFCFF425B9F}.Release|Any CPU.ActiveCfg = Release|Any CPU
		{6376F4F3-6A0B-4EB7-A497-4AFCFF425B9F}.Release|Any CPU.Build.0 = Release|Any CPU
		{9415AAE1-0E2A-4E75-B31F-F56AC4985AB9}.Debug|Any CPU.ActiveCfg = Debug|Any CPU
		{9415AAE1-0E2A-4E75-B31F-F56AC4985AB9}.Debug|Any CPU.Build.0 = Debug|Any CPU
		{9415AAE1-0E2A-4E75-B31F-F56AC4985AB9}.Release|Any CPU.ActiveCfg = Release|Any CPU
		{9415AAE1-0E2A-4E75-B31F-F56AC4985AB9}.Release|Any CPU.Build.0 = Release|Any CPU
	EndGlobalSection
EndGlobal
